
Microsoft Visual Studio Solution File, Format Version 12.00
# Visual Studio Version 17
VisualStudioVersion = 17.7.34202.233
MinimumVisualStudioVersion = 10.0.40219.1
Project("{FAE04EC0-301F-11D3-BF4B-00C04F79EFBC}") = "ChessGame", "ChessGame.csproj", "{A8639230-3E8A-44D9-AC7C-11B6DDDDAFFA}"
EndProject
Global
	GlobalSection(SolutionConfigurationPlatforms) = preSolution
		Debug|Any CPU = Debug|Any CPU
		Release|Any CPU = Release|Any CPU
	EndGlobalSection
	GlobalSection(ProjectConfigurationPlatforms) = postSolution
		{A8639230-3E8A-44D9-AC7C-11B6DDDDAFFA}.Debug|Any CPU.ActiveCfg = Debug|Any CPU
		{A8639230-3E8A-44D9-AC7C-11B6DDDDAFFA}.Debug|Any CPU.Build.0 = Debug|Any CPU
		{A8639230-3E8A-44D9-AC7C-11B6DDDDAFFA}.Release|Any CPU.ActiveCfg = Release|Any CPU
		{A8639230-3E8A-44D9-AC7C-11B6DDDDAFFA}.Release|Any CPU.Build.0 = Release|Any CPU
	EndGlobalSection
	GlobalSection(SolutionProperties) = preSolution
		HideSolutionNode = FALSE
	EndGlobalSection
	GlobalSection(ExtensibilityGlobals) = postSolution
		SolutionGuid = {8CD847B3-3095-4745-8207-4E76642D4864}
	EndGlobalSection
EndGlobal
